# This file is automatically @generated by Poetry 1.7.1 and should not be changed by hand.

[[package]]
name = "colorama"
version = "0.4.6"
description = "Cross-platform colored terminal text."
optional = false
python-versions = "!=3.0.*,!=3.1.*,!=3.2.*,!=3.3.*,!=3.4.*,!=3.5.*,!=3.6.*,>=2.7"
files = [
    {file = "colorama-0.4.6-py2.py3-none-any.whl", hash = "sha256:4f1d9991f5acc0ca119f9d443620b77f9d6b33703e51011c16baf57afb285fc6"},
    {file = "colorama-0.4.6.tar.gz", hash = "sha256:08695f5cb7ed6e0531a20572697297273c47b8cae5a63ffc6d6ed5c201be6e44"},
]

[[package]]
name = "cursor"
version = "1.3.5"
description = "A small Python package to hide or show the terminal cursor"
optional = false
python-versions = "*"
files = [
    {file = "cursor-1.3.5.tar.gz", hash = "sha256:6758cae6ac14765ec85d9ce3f14fcb98fff5045f06d8398f1e8da8ce3acd2f20"},
]

[[package]]
name = "evdev"
version = "1.6.1"
description = "Bindings to the Linux input handling subsystem"
optional = false
python-versions = "*"
files = [
    {file = "evdev-1.6.1.tar.gz", hash = "sha256:299db8628cc73b237fc1cc57d3c2948faa0756e2a58b6194b5bf81dc2081f1e3"},
]

[[package]]
name = "fpdf"
version = "1.7.2"
description = "Simple PDF generation for Python"
optional = false
python-versions = "*"
files = [
    {file = "fpdf-1.7.2.tar.gz", hash = "sha256:125840783289e7d12552b1e86ab692c37322e7a65b96a99e0ea86cca041b6779"},
]

[[package]]
name = "numpy"
version = "1.26.2"
description = "Fundamental package for array computing in Python"
optional = true
python-versions = ">=3.9"
files = [
    {file = "numpy-1.26.2-cp310-cp310-macosx_10_9_x86_64.whl", hash = "sha256:3703fc9258a4a122d17043e57b35e5ef1c5a5837c3db8be396c82e04c1cf9b0f"},
    {file = "numpy-1.26.2-cp310-cp310-macosx_11_0_arm64.whl", hash = "sha256:cc392fdcbd21d4be6ae1bb4475a03ce3b025cd49a9be5345d76d7585aea69440"},
    {file = "numpy-1.26.2-cp310-cp310-manylinux_2_17_aarch64.manylinux2014_aarch64.whl", hash = "sha256:36340109af8da8805d8851ef1d74761b3b88e81a9bd80b290bbfed61bd2b4f75"},
    {file = "numpy-1.26.2-cp310-cp310-manylinux_2_17_x86_64.manylinux2014_x86_64.whl", hash = "sha256:bcc008217145b3d77abd3e4d5ef586e3bdfba8fe17940769f8aa09b99e856c00"},
    {file = "numpy-1.26.2-cp310-cp310-musllinux_1_1_aarch64.whl", hash = "sha256:3ced40d4e9e18242f70dd02d739e44698df3dcb010d31f495ff00a31ef6014fe"},
    {file = "numpy-1.26.2-cp310-cp310-musllinux_1_1_x86_64.whl", hash = "sha256:b272d4cecc32c9e19911891446b72e986157e6a1809b7b56518b4f3755267523"},
    {file = "numpy-1.26.2-cp310-cp310-win32.whl", hash = "sha256:22f8fc02fdbc829e7a8c578dd8d2e15a9074b630d4da29cda483337e300e3ee9"},
    {file = "numpy-1.26.2-cp310-cp310-win_amd64.whl", hash = "sha256:26c9d33f8e8b846d5a65dd068c14e04018d05533b348d9eaeef6c1bd787f9919"},
    {file = "numpy-1.26.2-cp311-cp311-macosx_10_9_x86_64.whl", hash = "sha256:b96e7b9c624ef3ae2ae0e04fa9b460f6b9f17ad8b4bec6d7756510f1f6c0c841"},
    {file = "numpy-1.26.2-cp311-cp311-macosx_11_0_arm64.whl", hash = "sha256:aa18428111fb9a591d7a9cc1b48150097ba6a7e8299fb56bdf574df650e7d1f1"},
    {file = "numpy-1.26.2-cp311-cp311-manylinux_2_17_aarch64.manylinux2014_aarch64.whl", hash = "sha256:06fa1ed84aa60ea6ef9f91ba57b5ed963c3729534e6e54055fc151fad0423f0a"},
    {file = "numpy-1.26.2-cp311-cp311-manylinux_2_17_x86_64.manylinux2014_x86_64.whl", hash = "sha256:96ca5482c3dbdd051bcd1fce8034603d6ebfc125a7bd59f55b40d8f5d246832b"},
    {file = "numpy-1.26.2-cp311-cp311-musllinux_1_1_aarch64.whl", hash = "sha256:854ab91a2906ef29dc3925a064fcd365c7b4da743f84b123002f6139bcb3f8a7"},
    {file = "numpy-1.26.2-cp311-cp311-musllinux_1_1_x86_64.whl", hash = "sha256:f43740ab089277d403aa07567be138fc2a89d4d9892d113b76153e0e412409f8"},
    {file = "numpy-1.26.2-cp311-cp311-win32.whl", hash = "sha256:a2bbc29fcb1771cd7b7425f98b05307776a6baf43035d3b80c4b0f29e9545186"},
    {file = "numpy-1.26.2-cp311-cp311-win_amd64.whl", hash = "sha256:2b3fca8a5b00184828d12b073af4d0fc5fdd94b1632c2477526f6bd7842d700d"},
    {file = "numpy-1.26.2-cp312-cp312-macosx_10_9_x86_64.whl", hash = "sha256:a4cd6ed4a339c21f1d1b0fdf13426cb3b284555c27ac2f156dfdaaa7e16bfab0"},
    {file = "numpy-1.26.2-cp312-cp312-macosx_11_0_arm64.whl", hash = "sha256:5d5244aabd6ed7f312268b9247be47343a654ebea52a60f002dc70c769048e75"},
    {file = "numpy-1.26.2-cp312-cp312-manylinux_2_17_aarch64.manylinux2014_aarch64.whl", hash = "sha256:6a3cdb4d9c70e6b8c0814239ead47da00934666f668426fc6e94cce869e13fd7"},
    {file = "numpy-1.26.2-cp312-cp312-manylinux_2_17_x86_64.manylinux2014_x86_64.whl", hash = "sha256:aa317b2325f7aa0a9471663e6093c210cb2ae9c0ad824732b307d2c51983d5b6"},
    {file = "numpy-1.26.2-cp312-cp312-musllinux_1_1_aarch64.whl", hash = "sha256:174a8880739c16c925799c018f3f55b8130c1f7c8e75ab0a6fa9d41cab092fd6"},
    {file = "numpy-1.26.2-cp312-cp312-musllinux_1_1_x86_64.whl", hash = "sha256:f79b231bf5c16b1f39c7f4875e1ded36abee1591e98742b05d8a0fb55d8a3eec"},
    {file = "numpy-1.26.2-cp312-cp312-win32.whl", hash = "sha256:4a06263321dfd3598cacb252f51e521a8cb4b6df471bb12a7ee5cbab20ea9167"},
    {file = "numpy-1.26.2-cp312-cp312-win_amd64.whl", hash = "sha256:b04f5dc6b3efdaab541f7857351aac359e6ae3c126e2edb376929bd3b7f92d7e"},
    {file = "numpy-1.26.2-cp39-cp39-macosx_10_9_x86_64.whl", hash = "sha256:4eb8df4bf8d3d90d091e0146f6c28492b0be84da3e409ebef54349f71ed271ef"},
    {file = "numpy-1.26.2-cp39-cp39-macosx_11_0_arm64.whl", hash = "sha256:1a13860fdcd95de7cf58bd6f8bc5a5ef81c0b0625eb2c9a783948847abbef2c2"},
    {file = "numpy-1.26.2-cp39-cp39-manylinux_2_17_aarch64.manylinux2014_aarch64.whl", hash = "sha256:64308ebc366a8ed63fd0bf426b6a9468060962f1a4339ab1074c228fa6ade8e3"},
    {file = "numpy-1.26.2-cp39-cp39-manylinux_2_17_x86_64.manylinux2014_x86_64.whl", hash = "sha256:baf8aab04a2c0e859da118f0b38617e5ee65d75b83795055fb66c0d5e9e9b818"},
    {file = "numpy-1.26.2-cp39-cp39-musllinux_1_1_aarch64.whl", hash = "sha256:d73a3abcac238250091b11caef9ad12413dab01669511779bc9b29261dd50210"},
    {file = "numpy-1.26.2-cp39-cp39-musllinux_1_1_x86_64.whl", hash = "sha256:b361d369fc7e5e1714cf827b731ca32bff8d411212fccd29ad98ad622449cc36"},
    {file = "numpy-1.26.2-cp39-cp39-win32.whl", hash = "sha256:bd3f0091e845164a20bd5a326860c840fe2af79fa12e0469a12768a3ec578d80"},
    {file = "numpy-1.26.2-cp39-cp39-win_amd64.whl", hash = "sha256:2beef57fb031dcc0dc8fa4fe297a742027b954949cabb52a2a376c144e5e6060"},
    {file = "numpy-1.26.2-pp39-pypy39_pp73-macosx_10_9_x86_64.whl", hash = "sha256:1cc3d5029a30fb5f06704ad6b23b35e11309491c999838c31f124fee32107c79"},
    {file = "numpy-1.26.2-pp39-pypy39_pp73-manylinux_2_17_x86_64.manylinux2014_x86_64.whl", hash = "sha256:94cc3c222bb9fb5a12e334d0479b97bb2df446fbe622b470928f5284ffca3f8d"},
    {file = "numpy-1.26.2-pp39-pypy39_pp73-win_amd64.whl", hash = "sha256:fe6b44fb8fcdf7eda4ef4461b97b3f63c466b27ab151bec2366db8b197387841"},
    {file = "numpy-1.26.2.tar.gz", hash = "sha256:f65738447676ab5777f11e6bbbdb8ce11b785e105f690bc45966574816b6d3ea"},
]

[[package]]
name = "opencv-python"
version = "4.8.1.78"
description = "Wrapper package for OpenCV python bindings."
optional = true
python-versions = ">=3.6"
files = [
    {file = "opencv-python-4.8.1.78.tar.gz", hash = "sha256:cc7adbbcd1112877a39274106cb2752e04984bc01a031162952e97450d6117f6"},
    {file = "opencv_python-4.8.1.78-cp37-abi3-macosx_10_16_x86_64.whl", hash = "sha256:91d5f6f5209dc2635d496f6b8ca6573ecdad051a09e6b5de4c399b8e673c60da"},
    {file = "opencv_python-4.8.1.78-cp37-abi3-macosx_11_0_arm64.whl", hash = "sha256:bc31f47e05447da8b3089faa0a07ffe80e114c91ce0b171e6424f9badbd1c5cd"},
    {file = "opencv_python-4.8.1.78-cp37-abi3-manylinux_2_17_aarch64.manylinux2014_aarch64.whl", hash = "sha256:9814beca408d3a0eca1bae7e3e5be68b07c17ecceb392b94170881216e09b319"},
    {file = "opencv_python-4.8.1.78-cp37-abi3-manylinux_2_17_x86_64.manylinux2014_x86_64.whl", hash = "sha256:c4c406bdb41eb21ea51b4e90dfbc989c002786c3f601c236a99c59a54670a394"},
    {file = "opencv_python-4.8.1.78-cp37-abi3-win32.whl", hash = "sha256:a7aac3900fbacf55b551e7b53626c3dad4c71ce85643645c43e91fcb19045e47"},
    {file = "opencv_python-4.8.1.78-cp37-abi3-win_amd64.whl", hash = "sha256:b983197f97cfa6fcb74e1da1802c7497a6f94ed561aba6980f1f33123f904956"},
]

[package.dependencies]
numpy = [
    {version = ">=1.21.0", markers = "python_version == \"3.9\" and platform_system == \"Darwin\" and platform_machine == \"arm64\""},
    {version = ">=1.23.5", markers = "python_version >= \"3.11\""},
    {version = ">=1.21.4", markers = "python_version >= \"3.10\" and platform_system == \"Darwin\" and python_version < \"3.11\""},
    {version = ">=1.21.2", markers = "platform_system != \"Darwin\" and python_version >= \"3.10\" and python_version < \"3.11\""},
    {version = ">=1.19.3", markers = "platform_system == \"Linux\" and platform_machine == \"aarch64\" and python_version >= \"3.8\" and python_version < \"3.10\" or python_version > \"3.9\" and python_version < \"3.10\" or python_version >= \"3.9\" and platform_system != \"Darwin\" and python_version < \"3.10\" or python_version >= \"3.9\" and platform_machine != \"arm64\" and python_version < \"3.10\""},
]

[[package]]
name = "pydantic"
version = "1.10.13"
description = "Data validation and settings management using python type hints"
optional = true
python-versions = ">=3.7"
files = [
    {file = "pydantic-1.10.13-cp310-cp310-macosx_10_9_x86_64.whl", hash = "sha256:efff03cc7a4f29d9009d1c96ceb1e7a70a65cfe86e89d34e4a5f2ab1e5693737"},
    {file = "pydantic-1.10.13-cp310-cp310-macosx_11_0_arm64.whl", hash = "sha256:3ecea2b9d80e5333303eeb77e180b90e95eea8f765d08c3d278cd56b00345d01"},
    {file = "pydantic-1.10.13-cp310-cp310-manylinux_2_17_x86_64.manylinux2014_x86_64.whl", hash = "sha256:1740068fd8e2ef6eb27a20e5651df000978edce6da6803c2bef0bc74540f9548"},
    {file = "pydantic-1.10.13-cp310-cp310-manylinux_2_5_i686.manylinux1_i686.manylinux_2_17_i686.manylinux2014_i686.whl", hash = "sha256:84bafe2e60b5e78bc64a2941b4c071a4b7404c5c907f5f5a99b0139781e69ed8"},
    {file = "pydantic-1.10.13-cp310-cp310-musllinux_1_1_i686.whl", hash = "sha256:bc0898c12f8e9c97f6cd44c0ed70d55749eaf783716896960b4ecce2edfd2d69"},
    {file = "pydantic-1.10.13-cp310-cp310-musllinux_1_1_x86_64.whl", hash = "sha256:654db58ae399fe6434e55325a2c3e959836bd17a6f6a0b6ca8107ea0571d2e17"},
    {file = "pydantic-1.10.13-cp310-cp310-win_amd64.whl", hash = "sha256:75ac15385a3534d887a99c713aa3da88a30fbd6204a5cd0dc4dab3d770b9bd2f"},
    {file = "pydantic-1.10.13-cp311-cp311-macosx_10_9_x86_64.whl", hash = "sha256:c553f6a156deb868ba38a23cf0df886c63492e9257f60a79c0fd8e7173537653"},
    {file = "pydantic-1.10.13-cp311-cp311-macosx_11_0_arm64.whl", hash = "sha256:5e08865bc6464df8c7d61439ef4439829e3ab62ab1669cddea8dd00cd74b9ffe"},
    {file = "pydantic-1.10.13-cp311-cp311-manylinux_2_17_x86_64.manylinux2014_x86_64.whl", hash = "sha256:e31647d85a2013d926ce60b84f9dd5300d44535a9941fe825dc349ae1f760df9"},
    {file = "pydantic-1.10.13-cp311-cp311-manylinux_2_5_i686.manylinux1_i686.manylinux_2_17_i686.manylinux2014_i686.whl", hash = "sha256:210ce042e8f6f7c01168b2d84d4c9eb2b009fe7bf572c2266e235edf14bacd80"},
    {file = "pydantic-1.10.13-cp311-cp311-musllinux_1_1_i686.whl", hash = "sha256:8ae5dd6b721459bfa30805f4c25880e0dd78fc5b5879f9f7a692196ddcb5a580"},
    {file = "pydantic-1.10.13-cp311-cp311-musllinux_1_1_x86_64.whl", hash = "sha256:f8e81fc5fb17dae698f52bdd1c4f18b6ca674d7068242b2aff075f588301bbb0"},
    {file = "pydantic-1.10.13-cp311-cp311-win_amd64.whl", hash = "sha256:61d9dce220447fb74f45e73d7ff3b530e25db30192ad8d425166d43c5deb6df0"},
    {file = "pydantic-1.10.13-cp37-cp37m-macosx_10_9_x86_64.whl", hash = "sha256:4b03e42ec20286f052490423682016fd80fda830d8e4119f8ab13ec7464c0132"},
    {file = "pydantic-1.10.13-cp37-cp37m-manylinux_2_17_x86_64.manylinux2014_x86_64.whl", hash = "sha256:f59ef915cac80275245824e9d771ee939133be38215555e9dc90c6cb148aaeb5"},
    {file = "pydantic-1.10.13-cp37-cp37m-manylinux_2_5_i686.manylinux1_i686.manylinux_2_17_i686.manylinux2014_i686.whl", hash = "sha256:5a1f9f747851338933942db7af7b6ee8268568ef2ed86c4185c6ef4402e80ba8"},
    {file = "pydantic-1.10.13-cp37-cp37m-musllinux_1_1_i686.whl", hash = "sha256:97cce3ae7341f7620a0ba5ef6cf043975cd9d2b81f3aa5f4ea37928269bc1b87"},
    {file = "pydantic-1.10.13-cp37-cp37m-musllinux_1_1_x86_64.whl", hash = "sha256:854223752ba81e3abf663d685f105c64150873cc6f5d0c01d3e3220bcff7d36f"},
    {file = "pydantic-1.10.13-cp37-cp37m-win_amd64.whl", hash = "sha256:b97c1fac8c49be29486df85968682b0afa77e1b809aff74b83081cc115e52f33"},
    {file = "pydantic-1.10.13-cp38-cp38-macosx_10_9_x86_64.whl", hash = "sha256:c958d053453a1c4b1c2062b05cd42d9d5c8eb67537b8d5a7e3c3032943ecd261"},
    {file = "pydantic-1.10.13-cp38-cp38-macosx_11_0_arm64.whl", hash = "sha256:4c5370a7edaac06daee3af1c8b1192e305bc102abcbf2a92374b5bc793818599"},
    {file = "pydantic-1.10.13-cp38-cp38-manylinux_2_17_x86_64.manylinux2014_x86_64.whl", hash = "sha256:7d6f6e7305244bddb4414ba7094ce910560c907bdfa3501e9db1a7fd7eaea127"},
    {file = "pydantic-1.10.13-cp38-cp38-manylinux_2_5_i686.manylinux1_i686.manylinux_2_17_i686.manylinux2014_i686.whl", hash = "sha256:d3a3c792a58e1622667a2837512099eac62490cdfd63bd407993aaf200a4cf1f"},
    {file = "pydantic-1.10.13-cp38-cp38-musllinux_1_1_i686.whl", hash = "sha256:c636925f38b8db208e09d344c7aa4f29a86bb9947495dd6b6d376ad10334fb78"},
    {file = "pydantic-1.10.13-cp38-cp38-musllinux_1_1_x86_64.whl", hash = "sha256:678bcf5591b63cc917100dc50ab6caebe597ac67e8c9ccb75e698f66038ea953"},
    {file = "pydantic-1.10.13-cp38-cp38-win_amd64.whl", hash = "sha256:6cf25c1a65c27923a17b3da28a0bdb99f62ee04230c931d83e888012851f4e7f"},
    {file = "pydantic-1.10.13-cp39-cp39-macosx_10_9_x86_64.whl", hash = "sha256:8ef467901d7a41fa0ca6db9ae3ec0021e3f657ce2c208e98cd511f3161c762c6"},
    {file = "pydantic-1.10.13-cp39-cp39-macosx_11_0_arm64.whl", hash = "sha256:968ac42970f57b8344ee08837b62f6ee6f53c33f603547a55571c954a4225691"},
    {file = "pydantic-1.10.13-cp39-cp39-manylinux_2_17_x86_64.manylinux2014_x86_64.whl", hash = "sha256:9849f031cf8a2f0a928fe885e5a04b08006d6d41876b8bbd2fc68a18f9f2e3fd"},
    {file = "pydantic-1.10.13-cp39-cp39-manylinux_2_5_i686.manylinux1_i686.manylinux_2_17_i686.manylinux2014_i686.whl", hash = "sha256:56e3ff861c3b9c6857579de282ce8baabf443f42ffba355bf070770ed63e11e1"},
    {file = "pydantic-1.10.13-cp39-cp39-musllinux_1_1_i686.whl", hash = "sha256:9f00790179497767aae6bcdc36355792c79e7bbb20b145ff449700eb076c5f96"},
    {file = "pydantic-1.10.13-cp39-cp39-musllinux_1_1_x86_64.whl", hash = "sha256:75b297827b59bc229cac1a23a2f7a4ac0031068e5be0ce385be1462e7e17a35d"},
    {file = "pydantic-1.10.13-cp39-cp39-win_amd64.whl", hash = "sha256:e70ca129d2053fb8b728ee7d1af8e553a928d7e301a311094b8a0501adc8763d"},
    {file = "pydantic-1.10.13-py3-none-any.whl", hash = "sha256:b87326822e71bd5f313e7d3bfdc77ac3247035ac10b0c0618bd99dcf95b1e687"},
    {file = "pydantic-1.10.13.tar.gz", hash = "sha256:32c8b48dcd3b2ac4e78b0ba4af3a2c2eb6048cb75202f0ea7b34feb740efc340"},
]

[package.dependencies]
typing-extensions = ">=4.2.0"

[package.extras]
dotenv = ["python-dotenv (>=0.10.4)"]
email = ["email-validator (>=1.0.3)"]

[[package]]
name = "pynput"
version = "1.7.6"
description = "Monitor and control user input devices"
optional = false
python-versions = "*"
files = [
    {file = "pynput-1.7.6-py2.py3-none-any.whl", hash = "sha256:19861b2a0c430d646489852f89500e0c9332e295f2c020e7c2775e7046aa2e2f"},
    {file = "pynput-1.7.6.tar.gz", hash = "sha256:3a5726546da54116b687785d38b1db56997ce1d28e53e8d22fc656d8b92e533c"},
]

[package.dependencies]
evdev = {version = ">=1.3", markers = "sys_platform in \"linux\""}
pyobjc-framework-ApplicationServices = {version = ">=8.0", markers = "sys_platform == \"darwin\""}
pyobjc-framework-Quartz = {version = ">=8.0", markers = "sys_platform == \"darwin\""}
python-xlib = {version = ">=0.17", markers = "sys_platform in \"linux\""}
six = "*"

[[package]]
name = "pyobjc-core"
version = "10.1"
description = "Python<->ObjC Interoperability Module"
optional = false
python-versions = ">=3.8"
files = [
    {file = "pyobjc-core-10.1.tar.gz", hash = "sha256:1844f1c8e282839e6fdcb9a9722396c1c12fb1e9331eb68828a26f28a3b2b2b1"},
    {file = "pyobjc_core-10.1-cp310-cp310-macosx_10_9_universal2.whl", hash = "sha256:2a72a88222539ad07b5c8be411edc52ff9147d7cef311a2c849869d7bb9603fd"},
    {file = "pyobjc_core-10.1-cp311-cp311-macosx_10_9_universal2.whl", hash = "sha256:fe1b9987b7b0437685fb529832876c2a8463500114960d4e76bb8ae96b6bf208"},
    {file = "pyobjc_core-10.1-cp312-cp312-macosx_10_9_universal2.whl", hash = "sha256:9f628779c345d3abd0e20048fb0e256d894c22254577a81a6dcfdb92c3647682"},
    {file = "pyobjc_core-10.1-cp38-cp38-macosx_10_9_x86_64.whl", hash = "sha256:25a9e5a2de19238787d24cfa7def6b7fbb94bbe89c0e3109f71c1cb108e8ab44"},
    {file = "pyobjc_core-10.1-cp38-cp38-macosx_11_0_universal2.whl", hash = "sha256:2d43205d3a784aa87055b84c0ec0dfa76498e5f18d1ad16bdc58a3dcf5a7d5d0"},
    {file = "pyobjc_core-10.1-cp39-cp39-macosx_10_9_universal2.whl", hash = "sha256:0aa9799b5996a893944999a2f1afcf1de119cab3551c169ad9f54d12e1d38c99"},
]

[[package]]
name = "pyobjc-framework-applicationservices"
version = "10.1"
description = "Wrappers for the framework ApplicationServices on macOS"
optional = false
python-versions = ">=3.8"
files = [
    {file = "pyobjc-framework-ApplicationServices-10.1.tar.gz", hash = "sha256:bb780eabadad0fbf36a128041dccfd71e30bbeb6b110852d37fd5c98f4a2ec04"},
    {file = "pyobjc_framework_ApplicationServices-10.1-cp310-cp310-macosx_10_9_universal2.whl", hash = "sha256:a74a0922b48ad5ac4e402a1ac5dda5d6ee0d177870b7e244be61bc95d639ba85"},
    {file = "pyobjc_framework_ApplicationServices-10.1-cp311-cp311-macosx_10_9_universal2.whl", hash = "sha256:ff352c33cad3f7bf8dd9b955ebb5db02d451d88eb04478d83edf0edd0cc8bf5d"},
    {file = "pyobjc_framework_ApplicationServices-10.1-cp312-cp312-macosx_10_9_universal2.whl", hash = "sha256:6d0706d5d9436298c8d619a1bb5be11a1f4ff9f4733797a393c6a706568de110"},
    {file = "pyobjc_framework_ApplicationServices-10.1-cp38-cp38-macosx_10_9_x86_64.whl", hash = "sha256:95bd111583c3bf20656393c2a056a457b0cf08c76c0ab27cfcaedf92f707e8a9"},
    {file = "pyobjc_framework_ApplicationServices-10.1-cp38-cp38-macosx_11_0_universal2.whl", hash = "sha256:90a2350ddae3d9fb7b2e35e3b672b64854edae497fda8d7d4d798679c8280fed"},
    {file = "pyobjc_framework_ApplicationServices-10.1-cp39-cp39-macosx_10_9_universal2.whl", hash = "sha256:8bc830ac60b73a4cab24d1b1fdd8b044f25fe02e0af63a92cd96c43a51808c96"},
]

[package.dependencies]
pyobjc-core = ">=10.1"
pyobjc-framework-Cocoa = ">=10.1"
pyobjc-framework-CoreText = ">=10.1"
pyobjc-framework-Quartz = ">=10.1"

[[package]]
name = "pyobjc-framework-cocoa"
version = "10.1"
description = "Wrappers for the Cocoa frameworks on macOS"
optional = false
python-versions = ">=3.8"
files = [
    {file = "pyobjc-framework-Cocoa-10.1.tar.gz", hash = "sha256:8faaf1292a112e488b777d0c19862d993f3f384f3927dc6eca0d8d2221906a14"},
    {file = "pyobjc_framework_Cocoa-10.1-cp310-cp310-macosx_10_9_universal2.whl", hash = "sha256:2e82c2e20b89811d92a7e6e487b6980f360b7c142e2576e90f0e7569caf8202b"},
    {file = "pyobjc_framework_Cocoa-10.1-cp311-cp311-macosx_10_9_universal2.whl", hash = "sha256:0860a9beb7e5c72a1f575679a6d1428a398fa19ad710fb116df899972912e304"},
    {file = "pyobjc_framework_Cocoa-10.1-cp312-cp312-macosx_10_9_universal2.whl", hash = "sha256:34b791ea740e1afce211f19334e45469fea9a48d8fce5072e146199fd19ff49f"},
    {file = "pyobjc_framework_Cocoa-10.1-cp38-cp38-macosx_10_9_x86_64.whl", hash = "sha256:1398c1a9bebad1a0f2549980e20f4aade00c341b9bac56b4493095a65917d34a"},
    {file = "pyobjc_framework_Cocoa-10.1-cp38-cp38-macosx_11_0_universal2.whl", hash = "sha256:22be21226e223d26c9e77645564225787f2b12a750dd17c7ad99c36f428eda14"},
    {file = "pyobjc_framework_Cocoa-10.1-cp39-cp39-macosx_10_9_universal2.whl", hash = "sha256:0280561f4fb98a864bd23f2c480d907b0edbffe1048654f5dfab160cea8198e6"},
]

[package.dependencies]
pyobjc-core = ">=10.1"

[[package]]
name = "pyobjc-framework-coretext"
version = "10.1"
description = "Wrappers for the framework CoreText on macOS"
optional = false
python-versions = ">=3.8"
files = [
    {file = "pyobjc-framework-CoreText-10.1.tar.gz", hash = "sha256:b6a112e2ae8720be42af19e0fe9b866b43d7e9196726caa366d61d18294e6248"},
    {file = "pyobjc_framework_CoreText-10.1-cp310-cp310-macosx_10_9_universal2.whl", hash = "sha256:6ea2920c126a8a39e8a13b6de731b78b391300cec242812c9fbcf65a66ae40cf"},
    {file = "pyobjc_framework_CoreText-10.1-cp311-cp311-macosx_10_9_universal2.whl", hash = "sha256:37b203d832dd82bd9566c72eea815eb89f00f128a4c9a2f352843914da4effec"},
    {file = "pyobjc_framework_CoreText-10.1-cp312-cp312-macosx_10_9_universal2.whl", hash = "sha256:083700483b18f337b0c43bdfaafc43467846f8555075669d4962d460d9d6cd00"},
    {file = "pyobjc_framework_CoreText-10.1-cp38-cp38-macosx_10_9_x86_64.whl", hash = "sha256:59472cd1a33e83803fa62b3db20ac0e899f5ed706d22704ea81129d3f49ff0c7"},
    {file = "pyobjc_framework_CoreText-10.1-cp38-cp38-macosx_11_0_universal2.whl", hash = "sha256:cc1a63ca2c6921768b1c794ce60e2a278e0177731aa4bf8f620fdde857e4835e"},
    {file = "pyobjc_framework_CoreText-10.1-cp39-cp39-macosx_10_9_universal2.whl", hash = "sha256:fbbdde4ce747bcad45c2aded36167ad00fead309a265d89ab22289c221038e57"},
]

[package.dependencies]
pyobjc-core = ">=10.1"
pyobjc-framework-Cocoa = ">=10.1"
pyobjc-framework-Quartz = ">=10.1"

[[package]]
name = "pyobjc-framework-quartz"
version = "10.1"
description = "Wrappers for the Quartz frameworks on macOS"
optional = false
python-versions = ">=3.8"
files = [
    {file = "pyobjc-framework-Quartz-10.1.tar.gz", hash = "sha256:b7439c0a3be9590d261cd2d340ba8dd24a75877b0be3ebce56e022a19cc05738"},
    {file = "pyobjc_framework_Quartz-10.1-cp310-cp310-macosx_10_9_universal2.whl", hash = "sha256:69db14ac9814839471e3cf5a8d81fb5edd1b762739ad806d3cf244836dac0154"},
    {file = "pyobjc_framework_Quartz-10.1-cp311-cp311-macosx_10_9_universal2.whl", hash = "sha256:2ddcd18e96511e618ce43e288a043e25524c131f5e6d58775db7aaf15553d849"},
    {file = "pyobjc_framework_Quartz-10.1-cp312-cp312-macosx_10_9_universal2.whl", hash = "sha256:c4257a2fb5580e5ebe927a66cf36a11749685a4681a30f90e954a3f08894cb62"},
    {file = "pyobjc_framework_Quartz-10.1-cp38-cp38-macosx_10_9_x86_64.whl", hash = "sha256:28315ca6e04a08ae9e4eaf35b364ee77e081605d5865021018217626097c5e80"},
    {file = "pyobjc_framework_Quartz-10.1-cp38-cp38-macosx_11_0_universal2.whl", hash = "sha256:9cb859a2fd7e15f2de85c16b028148dea06002d1a4142922b3441d3802fab372"},
    {file = "pyobjc_framework_Quartz-10.1-cp39-cp39-macosx_10_9_universal2.whl", hash = "sha256:993c71009e6374e57205e6aeaa577b7af2df245a5d1d2feff0f88ca0fa7b8626"},
]

[package.dependencies]
pyobjc-core = ">=10.1"
pyobjc-framework-Cocoa = ">=10.1"

[[package]]
name = "python-xlib"
version = "0.33"
description = "Python X Library"
optional = false
python-versions = "*"
files = [
    {file = "python-xlib-0.33.tar.gz", hash = "sha256:55af7906a2c75ce6cb280a584776080602444f75815a7aff4d287bb2d7018b32"},
    {file = "python_xlib-0.33-py2.py3-none-any.whl", hash = "sha256:c3534038d42e0df2f1392a1b30a15a4ff5fdc2b86cfa94f072bf11b10a164398"},
]

[package.dependencies]
six = ">=1.10.0"

[[package]]
name = "six"
version = "1.16.0"
description = "Python 2 and 3 compatibility utilities"
optional = false
python-versions = ">=2.7, !=3.0.*, !=3.1.*, !=3.2.*"
files = [
    {file = "six-1.16.0-py2.py3-none-any.whl", hash = "sha256:8abb2f1d86890a2dfb989f9a77cfcfd3e47c2a354b01111771326f8aa26e0254"},
    {file = "six-1.16.0.tar.gz", hash = "sha256:1e61c37477a1626458e36f7b1d82aa5c9b094fa4802892072e49de9c60c4c926"},
]

[[package]]
name = "to-ascii"
version = "6.0.1"
description = "Convert videos, images, gifs, and even live video to ASCII art!"
optional = true
python-versions = ">=3.8,<4.0"
files = [
    {file = "to-ascii-6.0.1.tar.gz", hash = "sha256:3c2622b0d45cec8af422cd0cd0cc6d3972f87fc5f8045020c9b6558642d6d358"},
    {file = "to_ascii-6.0.1-py3-none-any.whl", hash = "sha256:992e9f3c3e91207b3c2986106a8d1665664a391d475246745790afcf4eb9f080"},
]

[package.dependencies]
colorama = ">=0.4.5,<0.5.0"
numpy = ">=1.23.1,<2.0.0"
opencv-python = ">=4.6.0,<5.0.0"
pydantic = ">=1.9.1,<2.0.0"

[package.extras]
cli = ["click (>=8.1.3,<9.0.0)"]
speedups = ["nimporter (>=1.1.0,<2.0.0)"]

[[package]]
name = "typing-extensions"
version = "4.9.0"
description = "Backported and Experimental Type Hints for Python 3.8+"
optional = true
python-versions = ">=3.8"
files = [
    {file = "typing_extensions-4.9.0-py3-none-any.whl", hash = "sha256:af72aea155e91adfc61c3ae9e0e342dbc0cba726d6cba4b6c72c1f34e47291cd"},
    {file = "typing_extensions-4.9.0.tar.gz", hash = "sha256:23478f88c37f27d76ac8aee6c905017a143b0b1b886c3c9f66bc2fd94f9f5783"},
]

[extras]
convert = ["to-ascii"]

[metadata]
lock-version = "2.0"
python-versions = "^3.9"
content-hash = "061d4d7e59d4453d19f8fb7feb2e495feeda13e20e02c2e5952fbf7d483e8b81"
